
Microsoft Visual Studio Solution File, Format Version 12.00
# Visual Studio Version 18
VisualStudioVersion = 18.3.11512.155
MinimumVisualStudioVersion = 10.0.40219.1
Project("{FAE04EC0-301F-11D3-BF4B-00C04F79EFBC}") = "Api.Auth", "Api.Auth.csproj", "{94F01037-9663-C5D3-6CF1-BD7F91C1F0EE}"
EndProject
Global
	GlobalSection(SolutionConfigurationPlatforms) = preSolution
		Debug|Any CPU = Debug|Any CPU
		Release|Any CPU = Release|Any CPU
	EndGlobalSection
	GlobalSection(ProjectConfigurationPlatforms) = postSolution
		{94F01037-9663-C5D3-6CF1-BD7F91C1F0EE}.Debug|Any CPU.ActiveCfg = Debug|Any CPU
		{94F01037-9663-C5D3-6CF1-BD7F91C1F0EE}.Debug|Any CPU.Build.0 = Debug|Any CPU
		{94F01037-9663-C5D3-6CF1-BD7F91C1F0EE}.Release|Any CPU.ActiveCfg = Release|Any CPU
		{94F01037-9663-C5D3-6CF1-BD7F91C1F0EE}.Release|Any CPU.Build.0 = Release|Any CPU
	EndGlobalSection
	GlobalSection(SolutionProperties) = preSolution
		HideSolutionNode = FALSE
	EndGlobalSection
	GlobalSection(ExtensibilityGlobals) = postSolution
		SolutionGuid = {6ECD1870-935A-49D5-B31E-145C0F93AE69}
	EndGlobalSection
EndGlobal
